
Microsoft Visual Studio Solution File, Format Version 12.00
# Visual Studio Version 17
VisualStudioVersion = 17.7.33711.374
MinimumVisualStudioVersion = 10.0.40219.1
Project("{9A19103F-16F7-4668-BE54-9A1E7A4F7556}") = "VelioApp.Server", "Server\VelioApp.Server.csproj", "{2348F8BC-6C9B-4F27-B6B8-92646D7F954E}"
EndProject
Project("{9A19103F-16F7-4668-BE54-9A1E7A4F7556}") = "VelioApp.Client", "Client\VelioApp.Client.csproj", "{CFAD6E8C-3A9D-4CE2-A742-326007F39872}"
EndProject
Project("{9A19103F-16F7-4668-BE54-9A1E7A4F7556}") = "VelioApp.Shared", "Shared\VelioApp.Shared.csproj", "{74974D41-FC65-44C6-ABA1-E0B9C053B01C}"
EndProject
Global
	GlobalSection(SolutionConfigurationPlatforms) = preSolution
		Debug|Any CPU = Debug|Any CPU
		Release|Any CPU = Release|Any CPU
	EndGlobalSection
	GlobalSection(ProjectConfigurationPlatforms) = postSolution
		{2348F8BC-6C9B-4F27-B6B8-92646D7F954E}.Debug|Any CPU.ActiveCfg = Debug|Any CPU
		{2348F8BC-6C9B-4F27-B6B8-92646D7F954E}.Debug|Any CPU.Build.0 = Debug|Any CPU
		{2348F8BC-6C9B-4F27-B6B8-92646D7F954E}.Release|Any CPU.ActiveCfg = Release|Any CPU
		{2348F8BC-6C9B-4F27-B6B8-92646D7F954E}.Release|Any CPU.Build.0 = Release|Any CPU
		{CFAD6E8C-3A9D-4CE2-A742-326007F39872}.Debug|Any CPU.ActiveCfg = Debug|Any CPU
		{CFAD6E8C-3A9D-4CE2-A742-326007F39872}.Debug|Any CPU.Build.0 = Debug|Any CPU
		{CFAD6E8C-3A9D-4CE2-A742-326007F39872}.Release|Any CPU.ActiveCfg = Release|Any CPU
		{CFAD6E8C-3A9D-4CE2-A742-326007F39872}.Release|Any CPU.Build.0 = Release|Any CPU
		{74974D41-FC65-44C6-ABA1-E0B9C053B01C}.Debug|Any CPU.ActiveCfg = Debug|Any CPU
		{74974D41-FC65-44C6-ABA1-E0B9C053B01C}.Debug|Any CPU.Build.0 = Debug|Any CPU
		{74974D41-FC65-44C6-ABA1-E0B9C053B01C}.Release|Any CPU.ActiveCfg = Release|Any CPU
		{74974D41-FC65-44C6-ABA1-E0B9C053B01C}.Release|Any CPU.Build.0 = Release|Any CPU
	EndGlobalSection
	GlobalSection(SolutionProperties) = preSolution
		HideSolutionNode = FALSE
	EndGlobalSection
	GlobalSection(ExtensibilityGlobals) = postSolution
		SolutionGuid = {EF476230-5964-48DB-80B9-6C88FABDC90A}
	EndGlobalSection
EndGlobal
